// !$*UTF8*$!
{
	archiveVersion = 1;
	classes = {
	};
	objectVersion = 56;
	objects = {

/* Begin PBXBuildFile section */
		62003E772B89ED8000F888AE /* FlashFlipApp.swift in Sources */ = {isa = PBXBuildFile; fileRef = 62003E762B89ED8000F888AE /* FlashFlipApp.swift */; };
		62003E792B89ED8000F888AE /* HomeView.swift in Sources */ = {isa = PBXBuildFile; fileRef = 62003E782B89ED8000F888AE /* HomeView.swift */; };
		62003E7B2B89ED8200F888AE /* Assets.xcassets in Resources */ = {isa = PBXBuildFile; fileRef = 62003E7A2B89ED8200F888AE /* Assets.xcassets */; };
		62003E7E2B89ED8200F888AE /* Preview Assets.xcassets in Resources */ = {isa = PBXBuildFile; fileRef = 62003E7D2B89ED8200F888AE /* Preview Assets.xcassets */; };
		62003E852B89EEF200F888AE /* FolderModel.swift in Sources */ = {isa = PBXBuildFile; fileRef = 62003E842B89EEF200F888AE /* FolderModel.swift */; };
		62003E882B89F09000F888AE /* FolderViewComponent.swift in Sources */ = {isa = PBXBuildFile; fileRef = 62003E872B89F09000F888AE /* FolderViewComponent.swift */; };
		62003E8B2B89F1A800F888AE /* Colors.swift in Sources */ = {isa = PBXBuildFile; fileRef = 62003E8A2B89F1A800F888AE /* Colors.swift */; };
		62003E8D2B89F4E300F888AE /* DeckModel.swift in Sources */ = {isa = PBXBuildFile; fileRef = 62003E8C2B89F4E300F888AE /* DeckModel.swift */; };
		62003E8F2B89F5A800F888AE /* CardModel.swift in Sources */ = {isa = PBXBuildFile; fileRef = 62003E8E2B89F5A800F888AE /* CardModel.swift */; };
		62003E912B89FA9B00F888AE /* CreateFolderView.swift in Sources */ = {isa = PBXBuildFile; fileRef = 62003E902B89FA9A00F888AE /* CreateFolderView.swift */; };
		62003E942B89FB0B00F888AE /* Icons.swift in Sources */ = {isa = PBXBuildFile; fileRef = 62003E932B89FB0B00F888AE /* Icons.swift */; };
		62003E962B89FCFE00F888AE /* IconGridViewComponent.swift in Sources */ = {isa = PBXBuildFile; fileRef = 62003E952B89FCFE00F888AE /* IconGridViewComponent.swift */; };
		62003E9A2B8A018200F888AE /* ColorsGridItemViewComponent.swift in Sources */ = {isa = PBXBuildFile; fileRef = 62003E992B8A018200F888AE /* ColorsGridItemViewComponent.swift */; };
		62003E9C2B8A13A900F888AE /* DeckListView.swift in Sources */ = {isa = PBXBuildFile; fileRef = 62003E9B2B8A13A900F888AE /* DeckListView.swift */; };
		62003EA22B8A3A7000F888AE /* CardCollectionView.swift in Sources */ = {isa = PBXBuildFile; fileRef = 62003EA12B8A3A7000F888AE /* CardCollectionView.swift */; };
		62003EA42B8A3E9100F888AE /* CardViewComponent.swift in Sources */ = {isa = PBXBuildFile; fileRef = 62003EA32B8A3E9100F888AE /* CardViewComponent.swift */; };
		62003EA62B8B8B9C00F888AE /* DeckViewComponent.swift in Sources */ = {isa = PBXBuildFile; fileRef = 62003EA52B8B8B9C00F888AE /* DeckViewComponent.swift */; };
		62003EA82B8CF5F400F888AE /* CreateElementComponent.swift in Sources */ = {isa = PBXBuildFile; fileRef = 62003EA72B8CF5F400F888AE /* CreateElementComponent.swift */; };
		6281D1092B8E83FA00E097C0 /* CardCreationView.swift in Sources */ = {isa = PBXBuildFile; fileRef = 6281D1082B8E83FA00E097C0 /* CardCreationView.swift */; };
/* End PBXBuildFile section */

/* Begin PBXFileReference section */
		62003E732B89ED8000F888AE /* FlashFlip.app */ = {isa = PBXFileReference; explicitFileType = wrapper.application; includeInIndex = 0; path = FlashFlip.app; sourceTree = BUILT_PRODUCTS_DIR; };
		62003E762B89ED8000F888AE /* FlashFlipApp.swift */ = {isa = PBXFileReference; lastKnownFileType = sourcecode.swift; path = FlashFlipApp.swift; sourceTree = "<group>"; };
		62003E782B89ED8000F888AE /* HomeView.swift */ = {isa = PBXFileReference; lastKnownFileType = sourcecode.swift; path = HomeView.swift; sourceTree = "<group>"; };
		62003E7A2B89ED8200F888AE /* Assets.xcassets */ = {isa = PBXFileReference; lastKnownFileType = folder.assetcatalog; path = Assets.xcassets; sourceTree = "<group>"; };
		62003E7D2B89ED8200F888AE /* Preview Assets.xcassets */ = {isa = PBXFileReference; lastKnownFileType = folder.assetcatalog; path = "Preview Assets.xcassets"; sourceTree = "<group>"; };
		62003E842B89EEF200F888AE /* FolderModel.swift */ = {isa = PBXFileReference; lastKnownFileType = sourcecode.swift; path = FolderModel.swift; sourceTree = "<group>"; };
		62003E872B89F09000F888AE /* FolderViewComponent.swift */ = {isa = PBXFileReference; lastKnownFileType = sourcecode.swift; path = FolderViewComponent.swift; sourceTree = "<group>"; };
		62003E8A2B89F1A800F888AE /* Colors.swift */ = {isa = PBXFileReference; lastKnownFileType = sourcecode.swift; path = Colors.swift; sourceTree = "<group>"; };
		62003E8C2B89F4E300F888AE /* DeckModel.swift */ = {isa = PBXFileReference; lastKnownFileType = sourcecode.swift; path = DeckModel.swift; sourceTree = "<group>"; };
		62003E8E2B89F5A800F888AE /* CardModel.swift */ = {isa = PBXFileReference; lastKnownFileType = sourcecode.swift; path = CardModel.swift; sourceTree = "<group>"; };
		62003E902B89FA9A00F888AE /* CreateFolderView.swift */ = {isa = PBXFileReference; lastKnownFileType = sourcecode.swift; path = CreateFolderView.swift; sourceTree = "<group>"; };
		62003E932B89FB0B00F888AE /* Icons.swift */ = {isa = PBXFileReference; lastKnownFileType = sourcecode.swift; path = Icons.swift; sourceTree = "<group>"; };
		62003E952B89FCFE00F888AE /* IconGridViewComponent.swift */ = {isa = PBXFileReference; lastKnownFileType = sourcecode.swift; path = IconGridViewComponent.swift; sourceTree = "<group>"; };
		62003E992B8A018200F888AE /* ColorsGridItemViewComponent.swift */ = {isa = PBXFileReference; lastKnownFileType = sourcecode.swift; path = ColorsGridItemViewComponent.swift; sourceTree = "<group>"; };
		62003E9B2B8A13A900F888AE /* DeckListView.swift */ = {isa = PBXFileReference; lastKnownFileType = sourcecode.swift; path = DeckListView.swift; sourceTree = "<group>"; };
		62003EA12B8A3A7000F888AE /* CardCollectionView.swift */ = {isa = PBXFileReference; lastKnownFileType = sourcecode.swift; path = CardCollectionView.swift; sourceTree = "<group>"; };
		62003EA32B8A3E9100F888AE /* CardViewComponent.swift */ = {isa = PBXFileReference; lastKnownFileType = sourcecode.swift; path = CardViewComponent.swift; sourceTree = "<group>"; };
		62003EA52B8B8B9C00F888AE /* DeckViewComponent.swift */ = {isa = PBXFileReference; lastKnownFileType = sourcecode.swift; path = DeckViewComponent.swift; sourceTree = "<group>"; };
		62003EA72B8CF5F400F888AE /* CreateElementComponent.swift */ = {isa = PBXFileReference; lastKnownFileType = sourcecode.swift; path = CreateElementComponent.swift; sourceTree = "<group>"; };
		6281D1082B8E83FA00E097C0 /* CardCreationView.swift */ = {isa = PBXFileReference; lastKnownFileType = sourcecode.swift; path = CardCreationView.swift; sourceTree = "<group>"; };
/* End PBXFileReference section */

/* Begin PBXFrameworksBuildPhase section */
		62003E702B89ED8000F888AE /* Frameworks */ = {
			isa = PBXFrameworksBuildPhase;
			buildActionMask = 2147483647;
			files = (
			);
			runOnlyForDeploymentPostprocessing = 0;
		};
/* End PBXFrameworksBuildPhase section */

/* Begin PBXGroup section */
		62003E6A2B89ED8000F888AE = {
			isa = PBXGroup;
			children = (
				62003E752B89ED8000F888AE /* FlashFlip */,
				62003E742B89ED8000F888AE /* Products */,
			);
			sourceTree = "<group>";
		};
		62003E742B89ED8000F888AE /* Products */ = {
			isa = PBXGroup;
			children = (
				62003E732B89ED8000F888AE /* FlashFlip.app */,
			);
			name = Products;
			sourceTree = "<group>";
		};
		62003E752B89ED8000F888AE /* FlashFlip */ = {
			isa = PBXGroup;
			children = (
				62003E762B89ED8000F888AE /* FlashFlipApp.swift */,
				62003E862B89EEFC00F888AE /* Models */,
				62003E892B89F09900F888AE /* Views */,
				62003E922B89FABB00F888AE /* Components */,
				62003E7A2B89ED8200F888AE /* Assets.xcassets */,
				62003E7C2B89ED8200F888AE /* Preview Content */,
			);
			path = FlashFlip;
			sourceTree = "<group>";
		};
		62003E7C2B89ED8200F888AE /* Preview Content */ = {
			isa = PBXGroup;
			children = (
				62003E7D2B89ED8200F888AE /* Preview Assets.xcassets */,
			);
			path = "Preview Content";
			sourceTree = "<group>";
		};
		62003E862B89EEFC00F888AE /* Models */ = {
			isa = PBXGroup;
			children = (
				62003E842B89EEF200F888AE /* FolderModel.swift */,
				62003E8C2B89F4E300F888AE /* DeckModel.swift */,
				62003E8E2B89F5A800F888AE /* CardModel.swift */,
				62003E8A2B89F1A800F888AE /* Colors.swift */,
				62003E932B89FB0B00F888AE /* Icons.swift */,
			);
			path = Models;
			sourceTree = "<group>";
		};
		62003E892B89F09900F888AE /* Views */ = {
			isa = PBXGroup;
			children = (
				62003E782B89ED8000F888AE /* HomeView.swift */,
				62003E902B89FA9A00F888AE /* CreateFolderView.swift */,
				62003E9B2B8A13A900F888AE /* DeckListView.swift */,
				62003EA12B8A3A7000F888AE /* CardCollectionView.swift */,
				6281D1082B8E83FA00E097C0 /* CardCreationView.swift */,
			);
			path = Views;
			sourceTree = "<group>";
		};
		62003E922B89FABB00F888AE /* Components */ = {
			isa = PBXGroup;
			children = (
				62003E952B89FCFE00F888AE /* IconGridViewComponent.swift */,
				62003E992B8A018200F888AE /* ColorsGridItemViewComponent.swift */,
				62003E872B89F09000F888AE /* FolderViewComponent.swift */,
				62003EA72B8CF5F400F888AE /* CreateElementComponent.swift */,
				62003EA52B8B8B9C00F888AE /* DeckViewComponent.swift */,
				62003EA32B8A3E9100F888AE /* CardViewComponent.swift */,
			);
			path = Components;
			sourceTree = "<group>";
		};
/* End PBXGroup section */

/* Begin PBXNativeTarget section */
		62003E722B89ED8000F888AE /* FlashFlip */ = {
			isa = PBXNativeTarget;
			buildConfigurationList = 62003E812B89ED8200F888AE /* Build configuration list for PBXNativeTarget "FlashFlip" */;
			buildPhases = (
				62003E6F2B89ED8000F888AE /* Sources */,
				62003E702B89ED8000F888AE /* Frameworks */,
				62003E712B89ED8000F888AE /* Resources */,
			);
			buildRules = (
			);
			dependencies = (
			);
			name = FlashFlip;
			productName = FlashFlip;
			productReference = 62003E732B89ED8000F888AE /* FlashFlip.app */;
			productType = "com.apple.product-type.application";
		};
/* End PBXNativeTarget section */

/* Begin PBXProject section */
		62003E6B2B89ED8000F888AE /* Project object */ = {
			isa = PBXProject;
			attributes = {
				BuildIndependentTargetsInParallel = 1;
				LastSwiftUpdateCheck = 1500;
				LastUpgradeCheck = 1500;
				TargetAttributes = {
					62003E722B89ED8000F888AE = {
						CreatedOnToolsVersion = 15.0.1;
					};
				};
			};
			buildConfigurationList = 62003E6E2B89ED8000F888AE /* Build configuration list for PBXProject "FlashFlip" */;
			compatibilityVersion = "Xcode 14.0";
			developmentRegion = en;
			hasScannedForEncodings = 0;
			knownRegions = (
				en,
				Base,
			);
			mainGroup = 62003E6A2B89ED8000F888AE;
			productRefGroup = 62003E742B89ED8000F888AE /* Products */;
			projectDirPath = "";
			projectRoot = "";
			targets = (
				62003E722B89ED8000F888AE /* FlashFlip */,
			);
		};
/* End PBXProject section */

/* Begin PBXResourcesBuildPhase section */
		62003E712B89ED8000F888AE /* Resources */ = {
			isa = PBXResourcesBuildPhase;
			buildActionMask = 2147483647;
			files = (
				62003E7E2B89ED8200F888AE /* Preview Assets.xcassets in Resources */,
				62003E7B2B89ED8200F888AE /* Assets.xcassets in Resources */,
			);
			runOnlyForDeploymentPostprocessing = 0;
		};
/* End PBXResourcesBuildPhase section */

/* Begin PBXSourcesBuildPhase section */
		62003E6F2B89ED8000F888AE /* Sources */ = {
			isa = PBXSourcesBuildPhase;
			buildActionMask = 2147483647;
			files = (
				62003E792B89ED8000F888AE /* HomeView.swift in Sources */,
				62003E9C2B8A13A900F888AE /* DeckListView.swift in Sources */,
				62003E8B2B89F1A800F888AE /* Colors.swift in Sources */,
				62003E852B89EEF200F888AE /* FolderModel.swift in Sources */,
				62003EA42B8A3E9100F888AE /* CardViewComponent.swift in Sources */,
				62003E8F2B89F5A800F888AE /* CardModel.swift in Sources */,
				62003E9A2B8A018200F888AE /* ColorsGridItemViewComponent.swift in Sources */,
				62003E912B89FA9B00F888AE /* CreateFolderView.swift in Sources */,
				62003E942B89FB0B00F888AE /* Icons.swift in Sources */,
				6281D1092B8E83FA00E097C0 /* CardCreationView.swift in Sources */,
				62003EA22B8A3A7000F888AE /* CardCollectionView.swift in Sources */,
				62003E8D2B89F4E300F888AE /* DeckModel.swift in Sources */,
				62003EA82B8CF5F400F888AE /* CreateElementComponent.swift in Sources */,
				62003EA62B8B8B9C00F888AE /* DeckViewComponent.swift in Sources */,
				62003E882B89F09000F888AE /* FolderViewComponent.swift in Sources */,
				62003E772B89ED8000F888AE /* FlashFlipApp.swift in Sources */,
				62003E962B89FCFE00F888AE /* IconGridViewComponent.swift in Sources */,
			);
			runOnlyForDeploymentPostprocessing = 0;
		};
/* End PBXSourcesBuildPhase section */

/* Begin XCBuildConfiguration section */
		62003E7F2B89ED8200F888AE /* Debug */ = {
			isa = XCBuildConfiguration;
			buildSettings = {
				ALWAYS_SEARCH_USER_PATHS = NO;
				ASSETCATALOG_COMPILER_GENERATE_SWIFT_ASSET_SYMBOL_EXTENSIONS = YES;
				CLANG_ANALYZER_NONNULL = YES;
				CLANG_ANALYZER_NUMBER_OBJECT_CONVERSION = YES_AGGRESSIVE;
				CLANG_CXX_LANGUAGE_STANDARD = "gnu++20";
				CLANG_ENABLE_MODULES = YES;
				CLANG_ENABLE_OBJC_ARC = YES;
				CLANG_ENABLE_OBJC_WEAK = YES;
				CLANG_WARN_BLOCK_CAPTURE_AUTORELEASING = YES;
				CLANG_WARN_BOOL_CONVERSION = YES;
				CLANG_WARN_COMMA = YES;
				CLANG_WARN_CONSTANT_CONVERSION = YES;
				CLANG_WARN_DEPRECATED_OBJC_IMPLEMENTATIONS = YES;
				CLANG_WARN_DIRECT_OBJC_ISA_USAGE = YES_ERROR;
				CLANG_WARN_DOCUMENTATION_COMMENTS = YES;
				CLANG_WARN_EMPTY_BODY = YES;
				CLANG_WARN_ENUM_CONVERSION = YES;
				CLANG_WARN_INFINITE_RECURSION = YES;
				CLANG_WARN_INT_CONVERSION = YES;
				CLANG_WARN_NON_LITERAL_NULL_CONVERSION = YES;
				CLANG_WARN_OBJC_IMPLICIT_RETAIN_SELF = YES;
				CLANG_WARN_OBJC_LITERAL_CONVERSION = YES;
				CLANG_WARN_OBJC_ROOT_CLASS = YES_ERROR;
				CLANG_WARN_QUOTED_INCLUDE_IN_FRAMEWORK_HEADER = YES;
				CLANG_WARN_RANGE_LOOP_ANALYSIS = YES;
				CLANG_WARN_STRICT_PROTOTYPES = YES;
				CLANG_WARN_SUSPICIOUS_MOVE = YES;
				CLANG_WARN_UNGUARDED_AVAILABILITY = YES_AGGRESSIVE;
				CLANG_WARN_UNREACHABLE_CODE = YES;
				CLANG_WARN__DUPLICATE_METHOD_MATCH = YES;
				COPY_PHASE_STRIP = NO;
				DEBUG_INFORMATION_FORMAT = dwarf;
				ENABLE_STRICT_OBJC_MSGSEND = YES;
				ENABLE_TESTABILITY = YES;
				ENABLE_USER_SCRIPT_SANDBOXING = YES;
				GCC_C_LANGUAGE_STANDARD = gnu17;
				GCC_DYNAMIC_NO_PIC = NO;
				GCC_NO_COMMON_BLOCKS = YES;
				GCC_OPTIMIZATION_LEVEL = 0;
				GCC_PREPROCESSOR_DEFINITIONS = (
					"DEBUG=1",
					"$(inherited)",
				);
				GCC_WARN_64_TO_32_BIT_CONVERSION = YES;
				GCC_WARN_ABOUT_RETURN_TYPE = YES_ERROR;
				GCC_WARN_UNDECLARED_SELECTOR = YES;
				GCC_WARN_UNINITIALIZED_AUTOS = YES_AGGRESSIVE;
				GCC_WARN_UNUSED_FUNCTION = YES;
				GCC_WARN_UNUSED_VARIABLE = YES;
				IPHONEOS_DEPLOYMENT_TARGET = 17.0;
				LOCALIZATION_PREFERS_STRING_CATALOGS = YES;
				MTL_ENABLE_DEBUG_INFO = INCLUDE_SOURCE;
				MTL_FAST_MATH = YES;
				ONLY_ACTIVE_ARCH = YES;
				SDKROOT = iphoneos;
				SWIFT_ACTIVE_COMPILATION_CONDITIONS = "DEBUG $(inherited)";
				SWIFT_OPTIMIZATION_LEVEL = "-Onone";
			};
			name = Debug;
		};
		62003E802B89ED8200F888AE /* Release */ = {
			isa = XCBuildConfiguration;
			buildSettings = {
				ALWAYS_SEARCH_USER_PATHS = NO;
				ASSETCATALOG_COMPILER_GENERATE_SWIFT_ASSET_SYMBOL_EXTENSIONS = YES;
				CLANG_ANALYZER_NONNULL = YES;
				CLANG_ANALYZER_NUMBER_OBJECT_CONVERSION = YES_AGGRESSIVE;
				CLANG_CXX_LANGUAGE_STANDARD = "gnu++20";
				CLANG_ENABLE_MODULES = YES;
				CLANG_ENABLE_OBJC_ARC = YES;
				CLANG_ENABLE_OBJC_WEAK = YES;
				CLANG_WARN_BLOCK_CAPTURE_AUTORELEASING = YES;
				CLANG_WARN_BOOL_CONVERSION = YES;
				CLANG_WARN_COMMA = YES;
				CLANG_WARN_CONSTANT_CONVERSION = YES;
				CLANG_WARN_DEPRECATED_OBJC_IMPLEMENTATIONS = YES;
				CLANG_WARN_DIRECT_OBJC_ISA_USAGE = YES_ERROR;
				CLANG_WARN_DOCUMENTATION_COMMENTS = YES;
				CLANG_WARN_EMPTY_BODY = YES;
				CLANG_WARN_ENUM_CONVERSION = YES;
				CLANG_WARN_INFINITE_RECURSION = YES;
				CLANG_WARN_INT_CONVERSION = YES;
				CLANG_WARN_NON_LITERAL_NULL_CONVERSION = YES;
				CLANG_WARN_OBJC_IMPLICIT_RETAIN_SELF = YES;
				CLANG_WARN_OBJC_LITERAL_CONVERSION = YES;
				CLANG_WARN_OBJC_ROOT_CLASS = YES_ERROR;
				CLANG_WARN_QUOTED_INCLUDE_IN_FRAMEWORK_HEADER = YES;
				CLANG_WARN_RANGE_LOOP_ANALYSIS = YES;
				CLANG_WARN_STRICT_PROTOTYPES = YES;
				CLANG_WARN_SUSPICIOUS_MOVE = YES;
				CLANG_WARN_UNGUARDED_AVAILABILITY = YES_AGGRESSIVE;
				CLANG_WARN_UNREACHABLE_CODE = YES;
				CLANG_WARN__DUPLICATE_METHOD_MATCH = YES;
				COPY_PHASE_STRIP = NO;
				DEBUG_INFORMATION_FORMAT = "dwarf-with-dsym";
				ENABLE_NS_ASSERTIONS = NO;
				ENABLE_STRICT_OBJC_MSGSEND = YES;
				ENABLE_USER_SCRIPT_SANDBOXING = YES;
				GCC_C_LANGUAGE_STANDARD = gnu17;
				GCC_NO_COMMON_BLOCKS = YES;
				GCC_WARN_64_TO_32_BIT_CONVERSION = YES;
				GCC_WARN_ABOUT_RETURN_TYPE = YES_ERROR;
				GCC_WARN_UNDECLARED_SELECTOR = YES;
				GCC_WARN_UNINITIALIZED_AUTOS = YES_AGGRESSIVE;
				GCC_WARN_UNUSED_FUNCTION = YES;
				GCC_WARN_UNUSED_VARIABLE = YES;
				IPHONEOS_DEPLOYMENT_TARGET = 17.0;
				LOCALIZATION_PREFERS_STRING_CATALOGS = YES;
				MTL_ENABLE_DEBUG_INFO = NO;
				MTL_FAST_MATH = YES;
				SDKROOT = iphoneos;
				SWIFT_COMPILATION_MODE = wholemodule;
				VALIDATE_PRODUCT = YES;
			};
			name = Release;
		};
		62003E822B89ED8200F888AE /* Debug */ = {
			isa = XCBuildConfiguration;
			buildSettings = {
				ASSETCATALOG_COMPILER_APPICON_NAME = AppIcon;
				ASSETCATALOG_COMPILER_GLOBAL_ACCENT_COLOR_NAME = AccentColor;
				CODE_SIGN_STYLE = Automatic;
				CURRENT_PROJECT_VERSION = 1;
				DEVELOPMENT_ASSET_PATHS = "\"FlashFlip/Preview Content\"";
				DEVELOPMENT_TEAM = DTJ5G5B67W;
				ENABLE_PREVIEWS = YES;
				GENERATE_INFOPLIST_FILE = YES;
				INFOPLIST_KEY_UIApplicationSceneManifest_Generation = YES;
				INFOPLIST_KEY_UIApplicationSupportsIndirectInputEvents = YES;
				INFOPLIST_KEY_UILaunchScreen_Generation = YES;
				INFOPLIST_KEY_UISupportedInterfaceOrientations_iPad = "UIInterfaceOrientationPortrait UIInterfaceOrientationPortraitUpsideDown UIInterfaceOrientationLandscapeLeft UIInterfaceOrientationLandscapeRight";
				INFOPLIST_KEY_UISupportedInterfaceOrientations_iPhone = "UIInterfaceOrientationPortrait UIInterfaceOrientationLandscapeLeft UIInterfaceOrientationLandscapeRight";
				LD_RUNPATH_SEARCH_PATHS = (
					"$(inherited)",
					"@executable_path/Frameworks",
				);
				MARKETING_VERSION = 1.0;
				PRODUCT_BUNDLE_IDENTIFIER = com.AndreaBottino.FlashFlip;
				PRODUCT_NAME = "$(TARGET_NAME)";
				SWIFT_EMIT_LOC_STRINGS = YES;
				SWIFT_VERSION = 5.0;
				TARGETED_DEVICE_FAMILY = "1,2";
			};
			name = Debug;
		};
		62003E832B89ED8200F888AE /* Release */ = {
			isa = XCBuildConfiguration;
			buildSettings = {
				ASSETCATALOG_COMPILER_APPICON_NAME = AppIcon;
				ASSETCATALOG_COMPILER_GLOBAL_ACCENT_COLOR_NAME = AccentColor;
				CODE_SIGN_STYLE = Automatic;
				CURRENT_PROJECT_VERSION = 1;
				DEVELOPMENT_ASSET_PATHS = "\"FlashFlip/Preview Content\"";
				DEVELOPMENT_TEAM = DTJ5G5B67W;
				ENABLE_PREVIEWS = YES;
				GENERATE_INFOPLIST_FILE = YES;
				INFOPLIST_KEY_UIApplicationSceneManifest_Generation = YES;
				INFOPLIST_KEY_UIApplicationSupportsIndirectInputEvents = YES;
				INFOPLIST_KEY_UILaunchScreen_Generation = YES;
				INFOPLIST_KEY_UISupportedInterfaceOrientations_iPad = "UIInterfaceOrientationPortrait UIInterfaceOrientationPortraitUpsideDown UIInterfaceOrientationLandscapeLeft UIInterfaceOrientationLandscapeRight";
				INFOPLIST_KEY_UISupportedInterfaceOrientations_iPhone = "UIInterfaceOrientationPortrait UIInterfaceOrientationLandscapeLeft UIInterfaceOrientationLandscapeRight";
				LD_RUNPATH_SEARCH_PATHS = (
					"$(inherited)",
					"@executable_path/Frameworks",
				);
				MARKETING_VERSION = 1.0;
				PRODUCT_BUNDLE_IDENTIFIER = com.AndreaBottino.FlashFlip;
				PRODUCT_NAME = "$(TARGET_NAME)";
				SWIFT_EMIT_LOC_STRINGS = YES;
				SWIFT_VERSION = 5.0;
				TARGETED_DEVICE_FAMILY = "1,2";
			};
			name = Release;
		};
/* End XCBuildConfiguration section */

/* Begin XCConfigurationList section */
		62003E6E2B89ED8000F888AE /* Build configuration list for PBXProject "FlashFlip" */ = {
			isa = XCConfigurationList;
			buildConfigurations = (
				62003E7F2B89ED8200F888AE /* Debug */,
				62003E802B89ED8200F888AE /* Release */,
			);
			defaultConfigurationIsVisible = 0;
			defaultConfigurationName = Release;
		};
		62003E812B89ED8200F888AE /* Build configuration list for PBXNativeTarget "FlashFlip" */ = {
			isa = XCConfigurationList;
			buildConfigurations = (
				62003E822B89ED8200F888AE /* Debug */,
				62003E832B89ED8200F888AE /* Release */,
			);
			defaultConfigurationIsVisible = 0;
			defaultConfigurationName = Release;
		};
/* End XCConfigurationList section */
	};
	rootObject = 62003E6B2B89ED8000F888AE /* Project object */;
}
